
Microsoft Visual Studio Solution File, Format Version 12.00
# Visual Studio Version 17
VisualStudioVersion = 17.1.32328.378
MinimumVisualStudioVersion = 10.0.40219.1
Project("{FAE04EC0-301F-11D3-BF4B-00C04F79EFBC}") = "APC", "APC\APC.csproj", "{AD210EDB-99B5-4D8D-B7DB-3EEA27CD45EA}"
EndProject
Global
	GlobalSection(SolutionConfigurationPlatforms) = preSolution
		Debug|Any CPU = Debug|Any CPU
		Release|Any CPU = Release|Any CPU
	EndGlobalSection
	GlobalSection(ProjectConfigurationPlatforms) = postSolution
		{AD210EDB-99B5-4D8D-B7DB-3EEA27CD45EA}.Debug|Any CPU.ActiveCfg = Debug|Any CPU
		{AD210EDB-99B5-4D8D-B7DB-3EEA27CD45EA}.Debug|Any CPU.Build.0 = Debug|Any CPU
		{AD210EDB-99B5-4D8D-B7DB-3EEA27CD45EA}.Release|Any CPU.ActiveCfg = Release|Any CPU
		{AD210EDB-99B5-4D8D-B7DB-3EEA27CD45EA}.Release|Any CPU.Build.0 = Release|Any CPU
	EndGlobalSection
	GlobalSection(SolutionProperties) = preSolution
		HideSolutionNode = FALSE
	EndGlobalSection
	GlobalSection(ExtensibilityGlobals) = postSolution
		SolutionGuid = {A2EC3B0A-89C6-43BF-9C92-DF23DCA67909}
	EndGlobalSection
EndGlobal
